{
  "version": 4,
  "terraform_version": "0.12.12",
  "serial": 3,
  "lineage": "bf58be76-0473-682f-f883-0e31a49cdbd2",
  "outputs": {
    "bucket_url": {
      "value": "gs://terratest-gcp-example-ngy8ok",
      "type": "string"
    },
    "instance_id": {
      "value": "terratest-gcp-example-yvwz5k",
      "type": "string"
    },
    "public_ip": {
      "value": "35.227.89.203",
      "type": "string"
    }
  },
  "resources": [
    {
      "mode": "managed",
      "type": "google_compute_instance",
      "name": "example",
      "provider": "provider.google",
      "instances": [
        {
          "schema_version": 6,
          "attributes": {
            "allow_stopping_for_update": null,
            "attached_disk": [],
            "boot_disk": [
              {
                "auto_delete": true,
                "device_name": "persistent-disk-0",
                "disk_encryption_key_raw": "",
                "disk_encryption_key_sha256": "",
                "initialize_params": [
                  {
                    "image": "https://www.googleapis.com/compute/v1/projects/ubuntu-os-cloud/global/images/ubuntu-1604-xenial-v20191010",
                    "labels": {},
                    "size": 10,
                    "type": "pd-standard"
                  }
                ],
                "kms_key_self_link": "",
                "mode": "READ_WRITE",
                "source": "https://www.googleapis.com/compute/v1/projects/postgress-cluster/zones/us-east1-b/disks/terratest-gcp-example-yvwz5k"
              }
            ],
            "can_ip_forward": false,
            "cpu_platform": "Intel Haswell",
            "deletion_protection": false,
            "description": "",
            "disk": [],
            "guest_accelerator": [],
            "hostname": "",
            "id": "terratest-gcp-example-yvwz5k",
            "instance_id": "8017640544288956510",
            "label_fingerprint": "42WmSpB8rSM=",
            "labels": null,
            "machine_type": "f1-micro",
            "metadata": null,
            "metadata_fingerprint": "mrkD_gsivtg=",
            "metadata_startup_script": "",
            "min_cpu_platform": "",
            "name": "terratest-gcp-example-yvwz5k",
            "network_interface": [
              {
                "access_config": [
                  {
                    "assigned_nat_ip": "",
                    "nat_ip": "35.227.89.203",
                    "network_tier": "PREMIUM",
                    "public_ptr_domain_name": ""
                  }
                ],
                "address": "",
                "alias_ip_range": [],
                "name": "nic0",
                "network": "https://www.googleapis.com/compute/v1/projects/postgress-cluster/global/networks/default",
                "network_ip": "10.142.0.7",
                "subnetwork": "https://www.googleapis.com/compute/v1/projects/postgress-cluster/regions/us-east1/subnetworks/default",
                "subnetwork_project": "postgress-cluster"
              }
            ],
            "project": "postgress-cluster",
            "scheduling": [
              {
                "automatic_restart": true,
                "node_affinities": [],
                "on_host_maintenance": "MIGRATE",
                "preemptible": false
              }
            ],
            "scratch_disk": [],
            "self_link": "https://www.googleapis.com/compute/v1/projects/postgress-cluster/zones/us-east1-b/instances/terratest-gcp-example-yvwz5k",
            "service_account": [],
            "shielded_instance_config": [],
            "tags": null,
            "tags_fingerprint": "42WmSpB8rSM=",
            "timeouts": null,
            "zone": "us-east1-b"
          },
          "private": "eyJlMmJmYjczMC1lY2FhLTExZTYtOGY4OC0zNDM2M2JjN2M0YzAiOnsiY3JlYXRlIjoxMjAwMDAwMDAwMDAwLCJkZWxldGUiOjEyMDAwMDAwMDAwMDAsInVwZGF0ZSI6MTIwMDAwMDAwMDAwMH0sInNjaGVtYV92ZXJzaW9uIjoiNiJ9"
        }
      ]
    },
    {
      "mode": "managed",
      "type": "google_storage_bucket",
      "name": "example_bucket",
      "provider": "provider.google",
      "instances": [
        {
          "schema_version": 0,
          "attributes": {
            "bucket_policy_only": false,
            "cors": [],
            "encryption": [],
            "force_destroy": false,
            "id": "terratest-gcp-example-ngy8ok",
            "labels": null,
            "lifecycle_rule": [],
            "location": "US",
            "logging": [],
            "name": "terratest-gcp-example-ngy8ok",
            "predefined_acl": null,
            "project": "postgress-cluster",
            "requester_pays": false,
            "retention_policy": [],
            "self_link": "https://www.googleapis.com/storage/v1/b/terratest-gcp-example-ngy8ok",
            "storage_class": "STANDARD",
            "url": "gs://terratest-gcp-example-ngy8ok",
            "versioning": [],
            "website": []
          },
          "private": "bnVsbA=="
        }
      ]
    }
  ]
}
